// !$*UTF8*$!
{
	archiveVersion = 1;
	classes = {
	};
	objectVersion = 77;
	objects = {

/* Begin PBXContainerItemProxy section */
		261239342D3AE6CE00B1E8E7 /* PBXContainerItemProxy */ = {
			isa = PBXContainerItemProxy;
			containerPortal = 2612391B2D3AE6C500B1E8E7 /* Project object */;
			proxyType = 1;
			remoteGlobalIDString = 261239222D3AE6C600B1E8E7;
			remoteInfo = MVVMExampleUsingAsyncAwait;
		};
		2612393E2D3AE6CE00B1E8E7 /* PBXContainerItemProxy */ = {
			isa = PBXContainerItemProxy;
			containerPortal = 2612391B2D3AE6C500B1E8E7 /* Project object */;
			proxyType = 1;
			remoteGlobalIDString = 261239222D3AE6C600B1E8E7;
			remoteInfo = MVVMExampleUsingAsyncAwait;
		};
/* End PBXContainerItemProxy section */

/* Begin PBXFileReference section */
		261239232D3AE6C600B1E8E7 /* MVVMExampleUsingAsyncAwait.app */ = {isa = PBXFileReference; explicitFileType = wrapper.application; includeInIndex = 0; path = MVVMExampleUsingAsyncAwait.app; sourceTree = BUILT_PRODUCTS_DIR; };
		261239332D3AE6CE00B1E8E7 /* MVVMExampleUsingAsyncAwaitTests.xctest */ = {isa = PBXFileReference; explicitFileType = wrapper.cfbundle; includeInIndex = 0; path = MVVMExampleUsingAsyncAwaitTests.xctest; sourceTree = BUILT_PRODUCTS_DIR; };
		2612393D2D3AE6CE00B1E8E7 /* MVVMExampleUsingAsyncAwaitUITests.xctest */ = {isa = PBXFileReference; explicitFileType = wrapper.cfbundle; includeInIndex = 0; path = MVVMExampleUsingAsyncAwaitUITests.xctest; sourceTree = BUILT_PRODUCTS_DIR; };
/* End PBXFileReference section */

/* Begin PBXFileSystemSynchronizedRootGroup section */
		261239252D3AE6C600B1E8E7 /* MVVMExampleUsingAsyncAwait */ = {
			isa = PBXFileSystemSynchronizedRootGroup;
			path = MVVMExampleUsingAsyncAwait;
			sourceTree = "<group>";
		};
		261239362D3AE6CE00B1E8E7 /* MVVMExampleUsingAsyncAwaitTests */ = {
			isa = PBXFileSystemSynchronizedRootGroup;
			path = MVVMExampleUsingAsyncAwaitTests;
			sourceTree = "<group>";
		};
		261239402D3AE6CE00B1E8E7 /* MVVMExampleUsingAsyncAwaitUITests */ = {
			isa = PBXFileSystemSynchronizedRootGroup;
			path = MVVMExampleUsingAsyncAwaitUITests;
			sourceTree = "<group>";
		};
/* End PBXFileSystemSynchronizedRootGroup section */

/* Begin PBXFrameworksBuildPhase section */
		261239202D3AE6C600B1E8E7 /* Frameworks */ = {
			isa = PBXFrameworksBuildPhase;
			buildActionMask = 2147483647;
			files = (
			);
			runOnlyForDeploymentPostprocessing = 0;
		};
		261239302D3AE6CE00B1E8E7 /* Frameworks */ = {
			isa = PBXFrameworksBuildPhase;
			buildActionMask = 2147483647;
			files = (
			);
			runOnlyForDeploymentPostprocessing = 0;
		};
		2612393A2D3AE6CE00B1E8E7 /* Frameworks */ = {
			isa = PBXFrameworksBuildPhase;
			buildActionMask = 2147483647;
			files = (
			);
			runOnlyForDeploymentPostprocessing = 0;
		};
/* End PBXFrameworksBuildPhase section */

/* Begin PBXGroup section */
		2612391A2D3AE6C500B1E8E7 = {
			isa = PBXGroup;
			children = (
				261239252D3AE6C600B1E8E7 /* MVVMExampleUsingAsyncAwait */,
				261239362D3AE6CE00B1E8E7 /* MVVMExampleUsingAsyncAwaitTests */,
				261239402D3AE6CE00B1E8E7 /* MVVMExampleUsingAsyncAwaitUITests */,
				261239242D3AE6C600B1E8E7 /* Products */,
			);
			sourceTree = "<group>";
		};
		261239242D3AE6C600B1E8E7 /* Products */ = {
			isa = PBXGroup;
			children = (
				261239232D3AE6C600B1E8E7 /* MVVMExampleUsingAsyncAwait.app */,
				261239332D3AE6CE00B1E8E7 /* MVVMExampleUsingAsyncAwaitTests.xctest */,
				2612393D2D3AE6CE00B1E8E7 /* MVVMExampleUsingAsyncAwaitUITests.xctest */,
			);
			name = Products;
			sourceTree = "<group>";
		};
/* End PBXGroup section */

/* Begin PBXNativeTarget section */
		261239222D3AE6C600B1E8E7 /* MVVMExampleUsingAsyncAwait */ = {
			isa = PBXNativeTarget;
			buildConfigurationList = 261239472D3AE6CE00B1E8E7 /* Build configuration list for PBXNativeTarget "MVVMExampleUsingAsyncAwait" */;
			buildPhases = (
				2612391F2D3AE6C600B1E8E7 /* Sources */,
				261239202D3AE6C600B1E8E7 /* Frameworks */,
				261239212D3AE6C600B1E8E7 /* Resources */,
			);
			buildRules = (
			);
			dependencies = (
			);
			fileSystemSynchronizedGroups = (
				261239252D3AE6C600B1E8E7 /* MVVMExampleUsingAsyncAwait */,
			);
			name = MVVMExampleUsingAsyncAwait;
			packageProductDependencies = (
			);
			productName = MVVMExampleUsingAsyncAwait;
			productReference = 261239232D3AE6C600B1E8E7 /* MVVMExampleUsingAsyncAwait.app */;
			productType = "com.apple.product-type.application";
		};
		261239322D3AE6CE00B1E8E7 /* MVVMExampleUsingAsyncAwaitTests */ = {
			isa = PBXNativeTarget;
			buildConfigurationList = 2612394A2D3AE6CE00B1E8E7 /* Build configuration list for PBXNativeTarget "MVVMExampleUsingAsyncAwaitTests" */;
			buildPhases = (
				2612392F2D3AE6CE00B1E8E7 /* Sources */,
				261239302D3AE6CE00B1E8E7 /* Frameworks */,
				261239312D3AE6CE00B1E8E7 /* Resources */,
			);
			buildRules = (
			);
			dependencies = (
				261239352D3AE6CE00B1E8E7 /* PBXTargetDependency */,
			);
			fileSystemSynchronizedGroups = (
				261239362D3AE6CE00B1E8E7 /* MVVMExampleUsingAsyncAwaitTests */,
			);
			name = MVVMExampleUsingAsyncAwaitTests;
			packageProductDependencies = (
			);
			productName = MVVMExampleUsingAsyncAwaitTests;
			productReference = 261239332D3AE6CE00B1E8E7 /* MVVMExampleUsingAsyncAwaitTests.xctest */;
			productType = "com.apple.product-type.bundle.unit-test";
		};
		2612393C2D3AE6CE00B1E8E7 /* MVVMExampleUsingAsyncAwaitUITests */ = {
			isa = PBXNativeTarget;
			buildConfigurationList = 2612394D2D3AE6CE00B1E8E7 /* Build configuration list for PBXNativeTarget "MVVMExampleUsingAsyncAwaitUITests" */;
			buildPhases = (
				261239392D3AE6CE00B1E8E7 /* Sources */,
				2612393A2D3AE6CE00B1E8E7 /* Frameworks */,
				2612393B2D3AE6CE00B1E8E7 /* Resources */,
			);
			buildRules = (
			);
			dependencies = (
				2612393F2D3AE6CE00B1E8E7 /* PBXTargetDependency */,
			);
			fileSystemSynchronizedGroups = (
				261239402D3AE6CE00B1E8E7 /* MVVMExampleUsingAsyncAwaitUITests */,
			);
			name = MVVMExampleUsingAsyncAwaitUITests;
			packageProductDependencies = (
			);
			productName = MVVMExampleUsingAsyncAwaitUITests;
			productReference = 2612393D2D3AE6CE00B1E8E7 /* MVVMExampleUsingAsyncAwaitUITests.xctest */;
			productType = "com.apple.product-type.bundle.ui-testing";
		};
/* End PBXNativeTarget section */

/* Begin PBXProject section */
		2612391B2D3AE6C500B1E8E7 /* Project object */ = {
			isa = PBXProject;
			attributes = {
				BuildIndependentTargetsInParallel = 1;
				LastSwiftUpdateCheck = 1620;
				LastUpgradeCheck = 1620;
				TargetAttributes = {
					261239222D3AE6C600B1E8E7 = {
						CreatedOnToolsVersion = 16.2;
					};
					261239322D3AE6CE00B1E8E7 = {
						CreatedOnToolsVersion = 16.2;
						TestTargetID = 261239222D3AE6C600B1E8E7;
					};
					2612393C2D3AE6CE00B1E8E7 = {
						CreatedOnToolsVersion = 16.2;
						TestTargetID = 261239222D3AE6C600B1E8E7;
					};
				};
			};
			buildConfigurationList = 2612391E2D3AE6C600B1E8E7 /* Build configuration list for PBXProject "MVVMExampleUsingAsyncAwait" */;
			developmentRegion = en;
			hasScannedForEncodings = 0;
			knownRegions = (
				en,
				Base,
			);
			mainGroup = 2612391A2D3AE6C500B1E8E7;
			minimizedProjectReferenceProxies = 1;
			preferredProjectObjectVersion = 77;
			productRefGroup = 261239242D3AE6C600B1E8E7 /* Products */;
			projectDirPath = "";
			projectRoot = "";
			targets = (
				261239222D3AE6C600B1E8E7 /* MVVMExampleUsingAsyncAwait */,
				261239322D3AE6CE00B1E8E7 /* MVVMExampleUsingAsyncAwaitTests */,
				2612393C2D3AE6CE00B1E8E7 /* MVVMExampleUsingAsyncAwaitUITests */,
			);
		};
/* End PBXProject section */

/* Begin PBXResourcesBuildPhase section */
		261239212D3AE6C600B1E8E7 /* Resources */ = {
			isa = PBXResourcesBuildPhase;
			buildActionMask = 2147483647;
			files = (
			);
			runOnlyForDeploymentPostprocessing = 0;
		};
		261239312D3AE6CE00B1E8E7 /* Resources */ = {
			isa = PBXResourcesBuildPhase;
			buildActionMask = 2147483647;
			files = (
			);
			runOnlyForDeploymentPostprocessing = 0;
		};
		2612393B2D3AE6CE00B1E8E7 /* Resources */ = {
			isa = PBXResourcesBuildPhase;
			buildActionMask = 2147483647;
			files = (
			);
			runOnlyForDeploymentPostprocessing = 0;
		};
/* End PBXResourcesBuildPhase section */

/* Begin PBXSourcesBuildPhase section */
		2612391F2D3AE6C600B1E8E7 /* Sources */ = {
			isa = PBXSourcesBuildPhase;
			buildActionMask = 2147483647;
			files = (
			);
			runOnlyForDeploymentPostprocessing = 0;
		};
		2612392F2D3AE6CE00B1E8E7 /* Sources */ = {
			isa = PBXSourcesBuildPhase;
			buildActionMask = 2147483647;
			files = (
			);
			runOnlyForDeploymentPostprocessing = 0;
		};
		261239392D3AE6CE00B1E8E7 /* Sources */ = {
			isa = PBXSourcesBuildPhase;
			buildActionMask = 2147483647;
			files = (
			);
			runOnlyForDeploymentPostprocessing = 0;
		};
/* End PBXSourcesBuildPhase section */

/* Begin PBXTargetDependency section */
		261239352D3AE6CE00B1E8E7 /* PBXTargetDependency */ = {
			isa = PBXTargetDependency;
			target = 261239222D3AE6C600B1E8E7 /* MVVMExampleUsingAsyncAwait */;
			targetProxy = 261239342D3AE6CE00B1E8E7 /* PBXContainerItemProxy */;
		};
		2612393F2D3AE6CE00B1E8E7 /* PBXTargetDependency */ = {
			isa = PBXTargetDependency;
			target = 261239222D3AE6C600B1E8E7 /* MVVMExampleUsingAsyncAwait */;
			targetProxy = 2612393E2D3AE6CE00B1E8E7 /* PBXContainerItemProxy */;
		};
/* End PBXTargetDependency section */

/* Begin XCBuildConfiguration section */
		261239452D3AE6CE00B1E8E7 /* Debug */ = {
			isa = XCBuildConfiguration;
			buildSettings = {
				ALWAYS_SEARCH_USER_PATHS = NO;
				ASSETCATALOG_COMPILER_GENERATE_SWIFT_ASSET_SYMBOL_EXTENSIONS = YES;
				CLANG_ANALYZER_NONNULL = YES;
				CLANG_ANALYZER_NUMBER_OBJECT_CONVERSION = YES_AGGRESSIVE;
				CLANG_CXX_LANGUAGE_STANDARD = "gnu++20";
				CLANG_ENABLE_MODULES = YES;
				CLANG_ENABLE_OBJC_ARC = YES;
				CLANG_ENABLE_OBJC_WEAK = YES;
				CLANG_WARN_BLOCK_CAPTURE_AUTORELEASING = YES;
				CLANG_WARN_BOOL_CONVERSION = YES;
				CLANG_WARN_COMMA = YES;
				CLANG_WARN_CONSTANT_CONVERSION = YES;
				CLANG_WARN_DEPRECATED_OBJC_IMPLEMENTATIONS = YES;
				CLANG_WARN_DIRECT_OBJC_ISA_USAGE = YES_ERROR;
				CLANG_WARN_DOCUMENTATION_COMMENTS = YES;
				CLANG_WARN_EMPTY_BODY = YES;
				CLANG_WARN_ENUM_CONVERSION = YES;
				CLANG_WARN_INFINITE_RECURSION = YES;
				CLANG_WARN_INT_CONVERSION = YES;
				CLANG_WARN_NON_LITERAL_NULL_CONVERSION = YES;
				CLANG_WARN_OBJC_IMPLICIT_RETAIN_SELF = YES;
				CLANG_WARN_OBJC_LITERAL_CONVERSION = YES;
				CLANG_WARN_OBJC_ROOT_CLASS = YES_ERROR;
				CLANG_WARN_QUOTED_INCLUDE_IN_FRAMEWORK_HEADER = YES;
				CLANG_WARN_RANGE_LOOP_ANALYSIS = YES;
				CLANG_WARN_STRICT_PROTOTYPES = YES;
				CLANG_WARN_SUSPICIOUS_MOVE = YES;
				CLANG_WARN_UNGUARDED_AVAILABILITY = YES_AGGRESSIVE;
				CLANG_WARN_UNREACHABLE_CODE = YES;
				CLANG_WARN__DUPLICATE_METHOD_MATCH = YES;
				COPY_PHASE_STRIP = NO;
				DEBUG_INFORMATION_FORMAT = dwarf;
				ENABLE_STRICT_OBJC_MSGSEND = YES;
				ENABLE_TESTABILITY = YES;
				ENABLE_USER_SCRIPT_SANDBOXING = YES;
				GCC_C_LANGUAGE_STANDARD = gnu17;
				GCC_DYNAMIC_NO_PIC = NO;
				GCC_NO_COMMON_BLOCKS = YES;
				GCC_OPTIMIZATION_LEVEL = 0;
				GCC_PREPROCESSOR_DEFINITIONS = (
					"DEBUG=1",
					"$(inherited)",
				);
				GCC_WARN_64_TO_32_BIT_CONVERSION = YES;
				GCC_WARN_ABOUT_RETURN_TYPE = YES_ERROR;
				GCC_WARN_UNDECLARED_SELECTOR = YES;
				GCC_WARN_UNINITIALIZED_AUTOS = YES_AGGRESSIVE;
				GCC_WARN_UNUSED_FUNCTION = YES;
				GCC_WARN_UNUSED_VARIABLE = YES;
				IPHONEOS_DEPLOYMENT_TARGET = 18.2;
				LOCALIZATION_PREFERS_STRING_CATALOGS = YES;
				MTL_ENABLE_DEBUG_INFO = INCLUDE_SOURCE;
				MTL_FAST_MATH = YES;
				ONLY_ACTIVE_ARCH = YES;
				SDKROOT = iphoneos;
				SWIFT_ACTIVE_COMPILATION_CONDITIONS = "DEBUG $(inherited)";
				SWIFT_OPTIMIZATION_LEVEL = "-Onone";
			};
			name = Debug;
		};
		261239462D3AE6CE00B1E8E7 /* Release */ = {
			isa = XCBuildConfiguration;
			buildSettings = {
				ALWAYS_SEARCH_USER_PATHS = NO;
				ASSETCATALOG_COMPILER_GENERATE_SWIFT_ASSET_SYMBOL_EXTENSIONS = YES;
				CLANG_ANALYZER_NONNULL = YES;
				CLANG_ANALYZER_NUMBER_OBJECT_CONVERSION = YES_AGGRESSIVE;
				CLANG_CXX_LANGUAGE_STANDARD = "gnu++20";
				CLANG_ENABLE_MODULES = YES;
				CLANG_ENABLE_OBJC_ARC = YES;
				CLANG_ENABLE_OBJC_WEAK = YES;
				CLANG_WARN_BLOCK_CAPTURE_AUTORELEASING = YES;
				CLANG_WARN_BOOL_CONVERSION = YES;
				CLANG_WARN_COMMA = YES;
				CLANG_WARN_CONSTANT_CONVERSION = YES;
				CLANG_WARN_DEPRECATED_OBJC_IMPLEMENTATIONS = YES;
				CLANG_WARN_DIRECT_OBJC_ISA_USAGE = YES_ERROR;
				CLANG_WARN_DOCUMENTATION_COMMENTS = YES;
				CLANG_WARN_EMPTY_BODY = YES;
				CLANG_WARN_ENUM_CONVERSION = YES;
				CLANG_WARN_INFINITE_RECURSION = YES;
				CLANG_WARN_INT_CONVERSION = YES;
				CLANG_WARN_NON_LITERAL_NULL_CONVERSION = YES;
				CLANG_WARN_OBJC_IMPLICIT_RETAIN_SELF = YES;
				CLANG_WARN_OBJC_LITERAL_CONVERSION = YES;
				CLANG_WARN_OBJC_ROOT_CLASS = YES_ERROR;
				CLANG_WARN_QUOTED_INCLUDE_IN_FRAMEWORK_HEADER = YES;
				CLANG_WARN_RANGE_LOOP_ANALYSIS = YES;
				CLANG_WARN_STRICT_PROTOTYPES = YES;
				CLANG_WARN_SUSPICIOUS_MOVE = YES;
				CLANG_WARN_UNGUARDED_AVAILABILITY = YES_AGGRESSIVE;
				CLANG_WARN_UNREACHABLE_CODE = YES;
				CLANG_WARN__DUPLICATE_METHOD_MATCH = YES;
				COPY_PHASE_STRIP = NO;
				DEBUG_INFORMATION_FORMAT = "dwarf-with-dsym";
				ENABLE_NS_ASSERTIONS = NO;
				ENABLE_STRICT_OBJC_MSGSEND = YES;
				ENABLE_USER_SCRIPT_SANDBOXING = YES;
				GCC_C_LANGUAGE_STANDARD = gnu17;
				GCC_NO_COMMON_BLOCKS = YES;
				GCC_WARN_64_TO_32_BIT_CONVERSION = YES;
				GCC_WARN_ABOUT_RETURN_TYPE = YES_ERROR;
				GCC_WARN_UNDECLARED_SELECTOR = YES;
				GCC_WARN_UNINITIALIZED_AUTOS = YES_AGGRESSIVE;
				GCC_WARN_UNUSED_FUNCTION = YES;
				GCC_WARN_UNUSED_VARIABLE = YES;
				IPHONEOS_DEPLOYMENT_TARGET = 18.2;
				LOCALIZATION_PREFERS_STRING_CATALOGS = YES;
				MTL_ENABLE_DEBUG_INFO = NO;
				MTL_FAST_MATH = YES;
				SDKROOT = iphoneos;
				SWIFT_COMPILATION_MODE = wholemodule;
				VALIDATE_PRODUCT = YES;
			};
			name = Release;
		};
		261239482D3AE6CE00B1E8E7 /* Debug */ = {
			isa = XCBuildConfiguration;
			buildSettings = {
				ASSETCATALOG_COMPILER_APPICON_NAME = AppIcon;
				ASSETCATALOG_COMPILER_GLOBAL_ACCENT_COLOR_NAME = AccentColor;
				CODE_SIGN_STYLE = Automatic;
				CURRENT_PROJECT_VERSION = 1;
				DEVELOPMENT_ASSET_PATHS = "\"MVVMExampleUsingAsyncAwait/Preview Content\"";
				ENABLE_PREVIEWS = YES;
				GENERATE_INFOPLIST_FILE = YES;
				INFOPLIST_KEY_UIApplicationSceneManifest_Generation = YES;
				INFOPLIST_KEY_UIApplicationSupportsIndirectInputEvents = YES;
				INFOPLIST_KEY_UILaunchScreen_Generation = YES;
				INFOPLIST_KEY_UISupportedInterfaceOrientations_iPad = "UIInterfaceOrientationPortrait UIInterfaceOrientationPortraitUpsideDown UIInterfaceOrientationLandscapeLeft UIInterfaceOrientationLandscapeRight";
				INFOPLIST_KEY_UISupportedInterfaceOrientations_iPhone = "UIInterfaceOrientationPortrait UIInterfaceOrientationLandscapeLeft UIInterfaceOrientationLandscapeRight";
				LD_RUNPATH_SEARCH_PATHS = (
					"$(inherited)",
					"@executable_path/Frameworks",
				);
				MARKETING_VERSION = 1.0;
				PRODUCT_BUNDLE_IDENTIFIER = com.testing.MVVMExampleUsingAsyncAwait;
				PRODUCT_NAME = "$(TARGET_NAME)";
				SWIFT_EMIT_LOC_STRINGS = YES;
				SWIFT_VERSION = 5.0;
				TARGETED_DEVICE_FAMILY = "1,2";
			};
			name = Debug;
		};
		261239492D3AE6CE00B1E8E7 /* Release */ = {
			isa = XCBuildConfiguration;
			buildSettings = {
				ASSETCATALOG_COMPILER_APPICON_NAME = AppIcon;
				ASSETCATALOG_COMPILER_GLOBAL_ACCENT_COLOR_NAME = AccentColor;
				CODE_SIGN_STYLE = Automatic;
				CURRENT_PROJECT_VERSION = 1;
				DEVELOPMENT_ASSET_PATHS = "\"MVVMExampleUsingAsyncAwait/Preview Content\"";
				ENABLE_PREVIEWS = YES;
				GENERATE_INFOPLIST_FILE = YES;
				INFOPLIST_KEY_UIApplicationSceneManifest_Generation = YES;
				INFOPLIST_KEY_UIApplicationSupportsIndirectInputEvents = YES;
				INFOPLIST_KEY_UILaunchScreen_Generation = YES;
				INFOPLIST_KEY_UISupportedInterfaceOrientations_iPad = "UIInterfaceOrientationPortrait UIInterfaceOrientationPortraitUpsideDown UIInterfaceOrientationLandscapeLeft UIInterfaceOrientationLandscapeRight";
				INFOPLIST_KEY_UISupportedInterfaceOrientations_iPhone = "UIInterfaceOrientationPortrait UIInterfaceOrientationLandscapeLeft UIInterfaceOrientationLandscapeRight";
				LD_RUNPATH_SEARCH_PATHS = (
					"$(inherited)",
					"@executable_path/Frameworks",
				);
				MARKETING_VERSION = 1.0;
				PRODUCT_BUNDLE_IDENTIFIER = com.testing.MVVMExampleUsingAsyncAwait;
				PRODUCT_NAME = "$(TARGET_NAME)";
				SWIFT_EMIT_LOC_STRINGS = YES;
				SWIFT_VERSION = 5.0;
				TARGETED_DEVICE_FAMILY = "1,2";
			};
			name = Release;
		};
		2612394B2D3AE6CE00B1E8E7 /* Debug */ = {
			isa = XCBuildConfiguration;
			buildSettings = {
				BUNDLE_LOADER = "$(TEST_HOST)";
				CODE_SIGN_STYLE = Automatic;
				CURRENT_PROJECT_VERSION = 1;
				GENERATE_INFOPLIST_FILE = YES;
				IPHONEOS_DEPLOYMENT_TARGET = 18.2;
				MARKETING_VERSION = 1.0;
				PRODUCT_BUNDLE_IDENTIFIER = com.testing.MVVMExampleUsingAsyncAwaitTests;
				PRODUCT_NAME = "$(TARGET_NAME)";
				SWIFT_EMIT_LOC_STRINGS = NO;
				SWIFT_VERSION = 5.0;
				TARGETED_DEVICE_FAMILY = "1,2";
				TEST_HOST = "$(BUILT_PRODUCTS_DIR)/MVVMExampleUsingAsyncAwait.app/$(BUNDLE_EXECUTABLE_FOLDER_PATH)/MVVMExampleUsingAsyncAwait";
			};
			name = Debug;
		};
		2612394C2D3AE6CE00B1E8E7 /* Release */ = {
			isa = XCBuildConfiguration;
			buildSettings = {
				BUNDLE_LOADER = "$(TEST_HOST)";
				CODE_SIGN_STYLE = Automatic;
				CURRENT_PROJECT_VERSION = 1;
				GENERATE_INFOPLIST_FILE = YES;
				IPHONEOS_DEPLOYMENT_TARGET = 18.2;
				MARKETING_VERSION = 1.0;
				PRODUCT_BUNDLE_IDENTIFIER = com.testing.MVVMExampleUsingAsyncAwaitTests;
				PRODUCT_NAME = "$(TARGET_NAME)";
				SWIFT_EMIT_LOC_STRINGS = NO;
				SWIFT_VERSION = 5.0;
				TARGETED_DEVICE_FAMILY = "1,2";
				TEST_HOST = "$(BUILT_PRODUCTS_DIR)/MVVMExampleUsingAsyncAwait.app/$(BUNDLE_EXECUTABLE_FOLDER_PATH)/MVVMExampleUsingAsyncAwait";
			};
			name = Release;
		};
		2612394E2D3AE6CE00B1E8E7 /* Debug */ = {
			isa = XCBuildConfiguration;
			buildSettings = {
				CODE_SIGN_STYLE = Automatic;
				CURRENT_PROJECT_VERSION = 1;
				GENERATE_INFOPLIST_FILE = YES;
				MARKETING_VERSION = 1.0;
				PRODUCT_BUNDLE_IDENTIFIER = com.testing.MVVMExampleUsingAsyncAwaitUITests;
				PRODUCT_NAME = "$(TARGET_NAME)";
				SWIFT_EMIT_LOC_STRINGS = NO;
				SWIFT_VERSION = 5.0;
				TARGETED_DEVICE_FAMILY = "1,2";
				TEST_TARGET_NAME = MVVMExampleUsingAsyncAwait;
			};
			name = Debug;
		};
		2612394F2D3AE6CE00B1E8E7 /* Release */ = {
			isa = XCBuildConfiguration;
			buildSettings = {
				CODE_SIGN_STYLE = Automatic;
				CURRENT_PROJECT_VERSION = 1;
				GENERATE_INFOPLIST_FILE = YES;
				MARKETING_VERSION = 1.0;
				PRODUCT_BUNDLE_IDENTIFIER = com.testing.MVVMExampleUsingAsyncAwaitUITests;
				PRODUCT_NAME = "$(TARGET_NAME)";
				SWIFT_EMIT_LOC_STRINGS = NO;
				SWIFT_VERSION = 5.0;
				TARGETED_DEVICE_FAMILY = "1,2";
				TEST_TARGET_NAME = MVVMExampleUsingAsyncAwait;
			};
			name = Release;
		};
/* End XCBuildConfiguration section */

/* Begin XCConfigurationList section */
		2612391E2D3AE6C600B1E8E7 /* Build configuration list for PBXProject "MVVMExampleUsingAsyncAwait" */ = {
			isa = XCConfigurationList;
			buildConfigurations = (
				261239452D3AE6CE00B1E8E7 /* Debug */,
				261239462D3AE6CE00B1E8E7 /* Release */,
			);
			defaultConfigurationIsVisible = 0;
			defaultConfigurationName = Release;
		};
		261239472D3AE6CE00B1E8E7 /* Build configuration list for PBXNativeTarget "MVVMExampleUsingAsyncAwait" */ = {
			isa = XCConfigurationList;
			buildConfigurations = (
				261239482D3AE6CE00B1E8E7 /* Debug */,
				261239492D3AE6CE00B1E8E7 /* Release */,
			);
			defaultConfigurationIsVisible = 0;
			defaultConfigurationName = Release;
		};
		2612394A2D3AE6CE00B1E8E7 /* Build configuration list for PBXNativeTarget "MVVMExampleUsingAsyncAwaitTests" */ = {
			isa = XCConfigurationList;
			buildConfigurations = (
				2612394B2D3AE6CE00B1E8E7 /* Debug */,
				2612394C2D3AE6CE00B1E8E7 /* Release */,
			);
			defaultConfigurationIsVisible = 0;
			defaultConfigurationName = Release;
		};
		2612394D2D3AE6CE00B1E8E7 /* Build configuration list for PBXNativeTarget "MVVMExampleUsingAsyncAwaitUITests" */ = {
			isa = XCConfigurationList;
			buildConfigurations = (
				2612394E2D3AE6CE00B1E8E7 /* Debug */,
				2612394F2D3AE6CE00B1E8E7 /* Release */,
			);
			defaultConfigurationIsVisible = 0;
			defaultConfigurationName = Release;
		};
/* End XCConfigurationList section */
	};
	rootObject = 2612391B2D3AE6C500B1E8E7 /* Project object */;
}
